
Microsoft Visual Studio Solution File, Format Version 12.00
# Visual Studio Version 16
VisualStudioVersion = 16.0.30804.86
MinimumVisualStudioVersion = 10.0.40219.1
Project("{FAE04EC0-301F-11D3-BF4B-00C04F79EFBC}") = "PrubaTimer", "PrubaTimer\PrubaTimer.csproj", "{99A57160-8DCE-43D9-B03F-BBE03E9B9252}"
EndProject
Global
	GlobalSection(SolutionConfigurationPlatforms) = preSolution
		Debug|Any CPU = Debug|Any CPU
		Release|Any CPU = Release|Any CPU
	EndGlobalSection
	GlobalSection(ProjectConfigurationPlatforms) = postSolution
		{99A57160-8DCE-43D9-B03F-BBE03E9B9252}.Debug|Any CPU.ActiveCfg = Debug|Any CPU
		{99A57160-8DCE-43D9-B03F-BBE03E9B9252}.Debug|Any CPU.Build.0 = Debug|Any CPU
		{99A57160-8DCE-43D9-B03F-BBE03E9B9252}.Release|Any CPU.ActiveCfg = Release|Any CPU
		{99A57160-8DCE-43D9-B03F-BBE03E9B9252}.Release|Any CPU.Build.0 = Release|Any CPU
	EndGlobalSection
	GlobalSection(SolutionProperties) = preSolution
		HideSolutionNode = FALSE
	EndGlobalSection
	GlobalSection(ExtensibilityGlobals) = postSolution
		SolutionGuid = {C21A75DD-66B0-42D7-9B34-04BA12AD904D}
	EndGlobalSection
EndGlobal
